# THIS IS AN AUTOGENERATED FILE. DO NOT EDIT THIS FILE DIRECTLY.
# yarn lockfile v1


"@rush-temp/superhero@file:./projects/superhero.tgz":
  version "0.0.0"
  resolved "file:./projects/superhero.tgz#804877c04a5232b6aa3029c37bcdeb045df724bf"

"@rush-temp/vigilante@file:./projects/vigilante.tgz":
  version "0.0.0"
  resolved "file:./projects/vigilante.tgz#60abba413bc1e9e80ff02f4db0b56db1b273e0eb"
